{
  "requires": true,
  "lockfileVersion": 1,
  "dependencies": {
    "@types/jquery": {
      "version": "3.3.6",
      "resolved": "https://registry.npmjs.org/@types/jquery/-/jquery-3.3.6.tgz",
      "integrity": "sha512-403D4wN95Mtzt2EoQHARf5oe/jEPhzBOBNrunk+ydQGW8WmkQ/E8rViRAEB1qEt/vssfGfNVD6ujP4FVeegrLg==",
      "dev": true
    },
    "systemjs": {
      "version": "0.19.36",
      "resolved": "https://registry.npmjs.org/systemjs/-/systemjs-0.19.36.tgz",
      "integrity": "sha1-iXlRSZ12On8AhuvJ8y37pIEgAUQ=",
      "requires": {
        "when": "3.7.8"
      }
    },
    "when": {
      "version": "3.7.8",
      "resolved": "https://registry.npmjs.org/when/-/when-3.7.8.tgz",
      "integrity": "sha1-xxMLan6gRpPoQs3J56Hyqjmjn4I="
    }
  }
}
